// !$*UTF8*$!
{
	archiveVersion = 1;
	classes = {
	};
	objectVersion = 46;
	objects = {

/* Begin PBXBuildFile section */
		FDEB8C811B70E8FA0011E5C9 /* AppDelegate.swift in Sources */ = {isa = PBXBuildFile; fileRef = FDEB8C801B70E8FA0011E5C9 /* AppDelegate.swift */; };
		FDEB8C831B70E8FA0011E5C9 /* ViewController.swift in Sources */ = {isa = PBXBuildFile; fileRef = FDEB8C821B70E8FA0011E5C9 /* ViewController.swift */; };
		FDEB8C861B70E8FA0011E5C9 /* Main.storyboard in Resources */ = {isa = PBXBuildFile; fileRef = FDEB8C841B70E8FA0011E5C9 /* Main.storyboard */; };
		FDEB8C881B70E8FA0011E5C9 /* Images.xcassets in Resources */ = {isa = PBXBuildFile; fileRef = FDEB8C871B70E8FA0011E5C9 /* Images.xcassets */; };
		FDEB8C8B1B70E8FA0011E5C9 /* LaunchScreen.xib in Resources */ = {isa = PBXBuildFile; fileRef = FDEB8C891B70E8FA0011E5C9 /* LaunchScreen.xib */; };
		FDEB8C971B70E8FA0011E5C9 /* ExampleInfiniteScrollViewTests.swift in Sources */ = {isa = PBXBuildFile; fileRef = FDEB8C961B70E8FA0011E5C9 /* ExampleInfiniteScrollViewTests.swift */; };
		FDEB8CA11B70E9C30011E5C9 /* InfiniteCollectionView.swift in Sources */ = {isa = PBXBuildFile; fileRef = FDEB8CA01B70E9C30011E5C9 /* InfiniteCollectionView.swift */; };
		FDEB8CA41B7103640011E5C9 /* ExampleCollectionViewCell.swift in Sources */ = {isa = PBXBuildFile; fileRef = FDEB8CA21B7103640011E5C9 /* ExampleCollectionViewCell.swift */; };
		FDEB8CA51B7103640011E5C9 /* ExampleCollectionViewCell.xib in Resources */ = {isa = PBXBuildFile; fileRef = FDEB8CA31B7103640011E5C9 /* ExampleCollectionViewCell.xib */; };
		FDEB8CA61B714F040011E5C9 /* InfiniteCollectionView.swift in Sources */ = {isa = PBXBuildFile; fileRef = FDEB8CA01B70E9C30011E5C9 /* InfiniteCollectionView.swift */; };
		FDEB8CA71B714F330011E5C9 /* ExampleCollectionViewCell.swift in Sources */ = {isa = PBXBuildFile; fileRef = FDEB8CA21B7103640011E5C9 /* ExampleCollectionViewCell.swift */; };
		FDEB8CA81B7164550011E5C9 /* ViewController.swift in Sources */ = {isa = PBXBuildFile; fileRef = FDEB8C821B70E8FA0011E5C9 /* ViewController.swift */; };
		FDEB8CA91B7167850011E5C9 /* Main.storyboard in Resources */ = {isa = PBXBuildFile; fileRef = FDEB8C841B70E8FA0011E5C9 /* Main.storyboard */; };
		FDEB8CAA1B71679B0011E5C9 /* ExampleCollectionViewCell.xib in Resources */ = {isa = PBXBuildFile; fileRef = FDEB8CA31B7103640011E5C9 /* ExampleCollectionViewCell.xib */; };
/* End PBXBuildFile section */

/* Begin PBXContainerItemProxy section */
		FDEB8C911B70E8FA0011E5C9 /* PBXContainerItemProxy */ = {
			isa = PBXContainerItemProxy;
			containerPortal = FDEB8C731B70E8FA0011E5C9 /* Project object */;
			proxyType = 1;
			remoteGlobalIDString = FDEB8C7A1B70E8FA0011E5C9;
			remoteInfo = ExampleInfiniteScrollView;
		};
/* End PBXContainerItemProxy section */

/* Begin PBXFileReference section */
		FDEB8C7B1B70E8FA0011E5C9 /* ExampleInfiniteScrollView.app */ = {isa = PBXFileReference; explicitFileType = wrapper.application; includeInIndex = 0; path = ExampleInfiniteScrollView.app; sourceTree = BUILT_PRODUCTS_DIR; };
		FDEB8C7F1B70E8FA0011E5C9 /* Info.plist */ = {isa = PBXFileReference; lastKnownFileType = text.plist.xml; path = Info.plist; sourceTree = "<group>"; };
		FDEB8C801B70E8FA0011E5C9 /* AppDelegate.swift */ = {isa = PBXFileReference; lastKnownFileType = sourcecode.swift; path = AppDelegate.swift; sourceTree = "<group>"; };
		FDEB8C821B70E8FA0011E5C9 /* ViewController.swift */ = {isa = PBXFileReference; lastKnownFileType = sourcecode.swift; path = ViewController.swift; sourceTree = "<group>"; };
		FDEB8C851B70E8FA0011E5C9 /* Base */ = {isa = PBXFileReference; lastKnownFileType = file.storyboard; name = Base; path = Base.lproj/Main.storyboard; sourceTree = "<group>"; };
		FDEB8C871B70E8FA0011E5C9 /* Images.xcassets */ = {isa = PBXFileReference; lastKnownFileType = folder.assetcatalog; path = Images.xcassets; sourceTree = "<group>"; };
		FDEB8C8A1B70E8FA0011E5C9 /* Base */ = {isa = PBXFileReference; lastKnownFileType = file.xib; name = Base; path = Base.lproj/LaunchScreen.xib; sourceTree = "<group>"; };
		FDEB8C901B70E8FA0011E5C9 /* ExampleInfiniteScrollViewTests.xctest */ = {isa = PBXFileReference; explicitFileType = wrapper.cfbundle; includeInIndex = 0; path = ExampleInfiniteScrollViewTests.xctest; sourceTree = BUILT_PRODUCTS_DIR; };
		FDEB8C951B70E8FA0011E5C9 /* Info.plist */ = {isa = PBXFileReference; lastKnownFileType = text.plist.xml; path = Info.plist; sourceTree = "<group>"; };
		FDEB8C961B70E8FA0011E5C9 /* ExampleInfiniteScrollViewTests.swift */ = {isa = PBXFileReference; lastKnownFileType = sourcecode.swift; path = ExampleInfiniteScrollViewTests.swift; sourceTree = "<group>"; };
		FDEB8CA01B70E9C30011E5C9 /* InfiniteCollectionView.swift */ = {isa = PBXFileReference; fileEncoding = 4; lastKnownFileType = sourcecode.swift; path = InfiniteCollectionView.swift; sourceTree = "<group>"; };
		FDEB8CA21B7103640011E5C9 /* ExampleCollectionViewCell.swift */ = {isa = PBXFileReference; fileEncoding = 4; lastKnownFileType = sourcecode.swift; path = ExampleCollectionViewCell.swift; sourceTree = "<group>"; };
		FDEB8CA31B7103640011E5C9 /* ExampleCollectionViewCell.xib */ = {isa = PBXFileReference; fileEncoding = 4; lastKnownFileType = file.xib; path = ExampleCollectionViewCell.xib; sourceTree = "<group>"; };
/* End PBXFileReference section */

/* Begin PBXFrameworksBuildPhase section */
		FDEB8C781B70E8FA0011E5C9 /* Frameworks */ = {
			isa = PBXFrameworksBuildPhase;
			buildActionMask = 2147483647;
			files = (
			);
			runOnlyForDeploymentPostprocessing = 0;
		};
		FDEB8C8D1B70E8FA0011E5C9 /* Frameworks */ = {
			isa = PBXFrameworksBuildPhase;
			buildActionMask = 2147483647;
			files = (
			);
			runOnlyForDeploymentPostprocessing = 0;
		};
/* End PBXFrameworksBuildPhase section */

/* Begin PBXGroup section */
		FDEB8C721B70E8FA0011E5C9 = {
			isa = PBXGroup;
			children = (
				FDEB8C7D1B70E8FA0011E5C9 /* ExampleInfiniteScrollView */,
				FDEB8C931B70E8FA0011E5C9 /* ExampleInfiniteScrollViewTests */,
				FDEB8C7C1B70E8FA0011E5C9 /* Products */,
			);
			sourceTree = "<group>";
		};
		FDEB8C7C1B70E8FA0011E5C9 /* Products */ = {
			isa = PBXGroup;
			children = (
				FDEB8C7B1B70E8FA0011E5C9 /* ExampleInfiniteScrollView.app */,
				FDEB8C901B70E8FA0011E5C9 /* ExampleInfiniteScrollViewTests.xctest */,
			);
			name = Products;
			sourceTree = "<group>";
		};
		FDEB8C7D1B70E8FA0011E5C9 /* ExampleInfiniteScrollView */ = {
			isa = PBXGroup;
			children = (
				FDEB8C801B70E8FA0011E5C9 /* AppDelegate.swift */,
				FDEB8C821B70E8FA0011E5C9 /* ViewController.swift */,
				FDEB8CA01B70E9C30011E5C9 /* InfiniteCollectionView.swift */,
				FDEB8C841B70E8FA0011E5C9 /* Main.storyboard */,
				FDEB8CA21B7103640011E5C9 /* ExampleCollectionViewCell.swift */,
				FDEB8CA31B7103640011E5C9 /* ExampleCollectionViewCell.xib */,
				FDEB8C871B70E8FA0011E5C9 /* Images.xcassets */,
				FDEB8C891B70E8FA0011E5C9 /* LaunchScreen.xib */,
				FDEB8C7E1B70E8FA0011E5C9 /* Supporting Files */,
			);
			path = ExampleInfiniteScrollView;
			sourceTree = "<group>";
		};
		FDEB8C7E1B70E8FA0011E5C9 /* Supporting Files */ = {
			isa = PBXGroup;
			children = (
				FDEB8C7F1B70E8FA0011E5C9 /* Info.plist */,
			);
			name = "Supporting Files";
			sourceTree = "<group>";
		};
		FDEB8C931B70E8FA0011E5C9 /* ExampleInfiniteScrollViewTests */ = {
			isa = PBXGroup;
			children = (
				FDEB8C961B70E8FA0011E5C9 /* ExampleInfiniteScrollViewTests.swift */,
				FDEB8C941B70E8FA0011E5C9 /* Supporting Files */,
			);
			path = ExampleInfiniteScrollViewTests;
			sourceTree = "<group>";
		};
		FDEB8C941B70E8FA0011E5C9 /* Supporting Files */ = {
			isa = PBXGroup;
			children = (
				FDEB8C951B70E8FA0011E5C9 /* Info.plist */,
			);
			name = "Supporting Files";
			sourceTree = "<group>";
		};
/* End PBXGroup section */

/* Begin PBXNativeTarget section */
		FDEB8C7A1B70E8FA0011E5C9 /* ExampleInfiniteScrollView */ = {
			isa = PBXNativeTarget;
			buildConfigurationList = FDEB8C9A1B70E8FA0011E5C9 /* Build configuration list for PBXNativeTarget "ExampleInfiniteScrollView" */;
			buildPhases = (
				FDEB8C771B70E8FA0011E5C9 /* Sources */,
				FDEB8C781B70E8FA0011E5C9 /* Frameworks */,
				FDEB8C791B70E8FA0011E5C9 /* Resources */,
			);
			buildRules = (
			);
			dependencies = (
			);
			name = ExampleInfiniteScrollView;
			productName = ExampleInfiniteScrollView;
			productReference = FDEB8C7B1B70E8FA0011E5C9 /* ExampleInfiniteScrollView.app */;
			productType = "com.apple.product-type.application";
		};
		FDEB8C8F1B70E8FA0011E5C9 /* ExampleInfiniteScrollViewTests */ = {
			isa = PBXNativeTarget;
			buildConfigurationList = FDEB8C9D1B70E8FA0011E5C9 /* Build configuration list for PBXNativeTarget "ExampleInfiniteScrollViewTests" */;
			buildPhases = (
				FDEB8C8C1B70E8FA0011E5C9 /* Sources */,
				FDEB8C8D1B70E8FA0011E5C9 /* Frameworks */,
				FDEB8C8E1B70E8FA0011E5C9 /* Resources */,
			);
			buildRules = (
			);
			dependencies = (
				FDEB8C921B70E8FA0011E5C9 /* PBXTargetDependency */,
			);
			name = ExampleInfiniteScrollViewTests;
			productName = ExampleInfiniteScrollViewTests;
			productReference = FDEB8C901B70E8FA0011E5C9 /* ExampleInfiniteScrollViewTests.xctest */;
			productType = "com.apple.product-type.bundle.unit-test";
		};
/* End PBXNativeTarget section */

/* Begin PBXProject section */
		FDEB8C731B70E8FA0011E5C9 /* Project object */ = {
			isa = PBXProject;
			attributes = {
				LastUpgradeCheck = 0640;
				ORGANIZATIONNAME = "Maso Apps Ltd";
				TargetAttributes = {
					FDEB8C7A1B70E8FA0011E5C9 = {
						CreatedOnToolsVersion = 6.4;
					};
					FDEB8C8F1B70E8FA0011E5C9 = {
						CreatedOnToolsVersion = 6.4;
						TestTargetID = FDEB8C7A1B70E8FA0011E5C9;
					};
				};
			};
			buildConfigurationList = FDEB8C761B70E8FA0011E5C9 /* Build configuration list for PBXProject "ExampleInfiniteScrollView" */;
			compatibilityVersion = "Xcode 3.2";
			developmentRegion = English;
			hasScannedForEncodings = 0;
			knownRegions = (
				en,
				Base,
			);
			mainGroup = FDEB8C721B70E8FA0011E5C9;
			productRefGroup = FDEB8C7C1B70E8FA0011E5C9 /* Products */;
			projectDirPath = "";
			projectRoot = "";
			targets = (
				FDEB8C7A1B70E8FA0011E5C9 /* ExampleInfiniteScrollView */,
				FDEB8C8F1B70E8FA0011E5C9 /* ExampleInfiniteScrollViewTests */,
			);
		};
/* End PBXProject section */

/* Begin PBXResourcesBuildPhase section */
		FDEB8C791B70E8FA0011E5C9 /* Resources */ = {
			isa = PBXResourcesBuildPhase;
			buildActionMask = 2147483647;
			files = (
				FDEB8C861B70E8FA0011E5C9 /* Main.storyboard in Resources */,
				FDEB8CA51B7103640011E5C9 /* ExampleCollectionViewCell.xib in Resources */,
				FDEB8C8B1B70E8FA0011E5C9 /* LaunchScreen.xib in Resources */,
				FDEB8C881B70E8FA0011E5C9 /* Images.xcassets in Resources */,
			);
			runOnlyForDeploymentPostprocessing = 0;
		};
		FDEB8C8E1B70E8FA0011E5C9 /* Resources */ = {
			isa = PBXResourcesBuildPhase;
			buildActionMask = 2147483647;
			files = (
				FDEB8CA91B7167850011E5C9 /* Main.storyboard in Resources */,
				FDEB8CAA1B71679B0011E5C9 /* ExampleCollectionViewCell.xib in Resources */,
			);
			runOnlyForDeploymentPostprocessing = 0;
		};
/* End PBXResourcesBuildPhase section */

/* Begin PBXSourcesBuildPhase section */
		FDEB8C771B70E8FA0011E5C9 /* Sources */ = {
			isa = PBXSourcesBuildPhase;
			buildActionMask = 2147483647;
			files = (
				FDEB8CA11B70E9C30011E5C9 /* InfiniteCollectionView.swift in Sources */,
				FDEB8CA41B7103640011E5C9 /* ExampleCollectionViewCell.swift in Sources */,
				FDEB8C831B70E8FA0011E5C9 /* ViewController.swift in Sources */,
				FDEB8C811B70E8FA0011E5C9 /* AppDelegate.swift in Sources */,
			);
			runOnlyForDeploymentPostprocessing = 0;
		};
		FDEB8C8C1B70E8FA0011E5C9 /* Sources */ = {
			isa = PBXSourcesBuildPhase;
			buildActionMask = 2147483647;
			files = (
				FDEB8CA71B714F330011E5C9 /* ExampleCollectionViewCell.swift in Sources */,
				FDEB8CA61B714F040011E5C9 /* InfiniteCollectionView.swift in Sources */,
				FDEB8CA81B7164550011E5C9 /* ViewController.swift in Sources */,
				FDEB8C971B70E8FA0011E5C9 /* ExampleInfiniteScrollViewTests.swift in Sources */,
			);
			runOnlyForDeploymentPostprocessing = 0;
		};
/* End PBXSourcesBuildPhase section */

/* Begin PBXTargetDependency section */
		FDEB8C921B70E8FA0011E5C9 /* PBXTargetDependency */ = {
			isa = PBXTargetDependency;
			target = FDEB8C7A1B70E8FA0011E5C9 /* ExampleInfiniteScrollView */;
			targetProxy = FDEB8C911B70E8FA0011E5C9 /* PBXContainerItemProxy */;
		};
/* End PBXTargetDependency section */

/* Begin PBXVariantGroup section */
		FDEB8C841B70E8FA0011E5C9 /* Main.storyboard */ = {
			isa = PBXVariantGroup;
			children = (
				FDEB8C851B70E8FA0011E5C9 /* Base */,
			);
			name = Main.storyboard;
			sourceTree = "<group>";
		};
		FDEB8C891B70E8FA0011E5C9 /* LaunchScreen.xib */ = {
			isa = PBXVariantGroup;
			children = (
				FDEB8C8A1B70E8FA0011E5C9 /* Base */,
			);
			name = LaunchScreen.xib;
			sourceTree = "<group>";
		};
/* End PBXVariantGroup section */

/* Begin XCBuildConfiguration section */
		FDEB8C981B70E8FA0011E5C9 /* Debug */ = {
			isa = XCBuildConfiguration;
			buildSettings = {
				ALWAYS_SEARCH_USER_PATHS = NO;
				CLANG_CXX_LANGUAGE_STANDARD = "gnu++0x";
				CLANG_CXX_LIBRARY = "libc++";
				CLANG_ENABLE_MODULES = YES;
				CLANG_ENABLE_OBJC_ARC = YES;
				CLANG_WARN_BOOL_CONVERSION = YES;
				CLANG_WARN_CONSTANT_CONVERSION = YES;
				CLANG_WARN_DIRECT_OBJC_ISA_USAGE = YES_ERROR;
				CLANG_WARN_EMPTY_BODY = YES;
				CLANG_WARN_ENUM_CONVERSION = YES;
				CLANG_WARN_INT_CONVERSION = YES;
				CLANG_WARN_OBJC_ROOT_CLASS = YES_ERROR;
				CLANG_WARN_UNREACHABLE_CODE = YES;
				CLANG_WARN__DUPLICATE_METHOD_MATCH = YES;
				"CODE_SIGN_IDENTITY[sdk=iphoneos*]" = "iPhone Developer";
				COPY_PHASE_STRIP = NO;
				DEBUG_INFORMATION_FORMAT = "dwarf-with-dsym";
				ENABLE_STRICT_OBJC_MSGSEND = YES;
				GCC_C_LANGUAGE_STANDARD = gnu99;
				GCC_DYNAMIC_NO_PIC = NO;
				GCC_NO_COMMON_BLOCKS = YES;
				GCC_OPTIMIZATION_LEVEL = 0;
				GCC_PREPROCESSOR_DEFINITIONS = (
					"DEBUG=1",
					"$(inherited)",
				);
				GCC_SYMBOLS_PRIVATE_EXTERN = NO;
				GCC_WARN_64_TO_32_BIT_CONVERSION = YES;
				GCC_WARN_ABOUT_RETURN_TYPE = YES_ERROR;
				GCC_WARN_UNDECLARED_SELECTOR = YES;
				GCC_WARN_UNINITIALIZED_AUTOS = YES_AGGRESSIVE;
				GCC_WARN_UNUSED_FUNCTION = YES;
				GCC_WARN_UNUSED_VARIABLE = YES;
				IPHONEOS_DEPLOYMENT_TARGET = 8.4;
				MTL_ENABLE_DEBUG_INFO = YES;
				ONLY_ACTIVE_ARCH = YES;
				SDKROOT = iphoneos;
				SWIFT_OPTIMIZATION_LEVEL = "-Onone";
				TARGETED_DEVICE_FAMILY = "1,2";
			};
			name = Debug;
		};
		FDEB8C991B70E8FA0011E5C9 /* Release */ = {
			isa = XCBuildConfiguration;
			buildSettings = {
				ALWAYS_SEARCH_USER_PATHS = NO;
				CLANG_CXX_LANGUAGE_STANDARD = "gnu++0x";
				CLANG_CXX_LIBRARY = "libc++";
				CLANG_ENABLE_MODULES = YES;
				CLANG_ENABLE_OBJC_ARC = YES;
				CLANG_WARN_BOOL_CONVERSION = YES;
				CLANG_WARN_CONSTANT_CONVERSION = YES;
				CLANG_WARN_DIRECT_OBJC_ISA_USAGE = YES_ERROR;
				CLANG_WARN_EMPTY_BODY = YES;
				CLANG_WARN_ENUM_CONVERSION = YES;
				CLANG_WARN_INT_CONVERSION = YES;
				CLANG_WARN_OBJC_ROOT_CLASS = YES_ERROR;
				CLANG_WARN_UNREACHABLE_CODE = YES;
				CLANG_WARN__DUPLICATE_METHOD_MATCH = YES;
				"CODE_SIGN_IDENTITY[sdk=iphoneos*]" = "iPhone Developer";
				COPY_PHASE_STRIP = NO;
				DEBUG_INFORMATION_FORMAT = "dwarf-with-dsym";
				ENABLE_NS_ASSERTIONS = NO;
				ENABLE_STRICT_OBJC_MSGSEND = YES;
				GCC_C_LANGUAGE_STANDARD = gnu99;
				GCC_NO_COMMON_BLOCKS = YES;
				GCC_WARN_64_TO_32_BIT_CONVERSION = YES;
				GCC_WARN_ABOUT_RETURN_TYPE = YES_ERROR;
				GCC_WARN_UNDECLARED_SELECTOR = YES;
				GCC_WARN_UNINITIALIZED_AUTOS = YES_AGGRESSIVE;
				GCC_WARN_UNUSED_FUNCTION = YES;
				GCC_WARN_UNUSED_VARIABLE = YES;
				IPHONEOS_DEPLOYMENT_TARGET = 8.4;
				MTL_ENABLE_DEBUG_INFO = NO;
				SDKROOT = iphoneos;
				TARGETED_DEVICE_FAMILY = "1,2";
				VALIDATE_PRODUCT = YES;
			};
			name = Release;
		};
		FDEB8C9B1B70E8FA0011E5C9 /* Debug */ = {
			isa = XCBuildConfiguration;
			buildSettings = {
				ASSETCATALOG_COMPILER_APPICON_NAME = AppIcon;
				INFOPLIST_FILE = ExampleInfiniteScrollView/Info.plist;
				LD_RUNPATH_SEARCH_PATHS = "$(inherited) @executable_path/Frameworks";
				PRODUCT_NAME = "$(TARGET_NAME)";
			};
			name = Debug;
		};
		FDEB8C9C1B70E8FA0011E5C9 /* Release */ = {
			isa = XCBuildConfiguration;
			buildSettings = {
				ASSETCATALOG_COMPILER_APPICON_NAME = AppIcon;
				INFOPLIST_FILE = ExampleInfiniteScrollView/Info.plist;
				LD_RUNPATH_SEARCH_PATHS = "$(inherited) @executable_path/Frameworks";
				PRODUCT_NAME = "$(TARGET_NAME)";
			};
			name = Release;
		};
		FDEB8C9E1B70E8FA0011E5C9 /* Debug */ = {
			isa = XCBuildConfiguration;
			buildSettings = {
				BUNDLE_LOADER = "$(TEST_HOST)";
				FRAMEWORK_SEARCH_PATHS = (
					"$(SDKROOT)/Developer/Library/Frameworks",
					"$(inherited)",
				);
				GCC_PREPROCESSOR_DEFINITIONS = (
					"DEBUG=1",
					"$(inherited)",
				);
				INFOPLIST_FILE = ExampleInfiniteScrollViewTests/Info.plist;
				LD_RUNPATH_SEARCH_PATHS = "$(inherited) @executable_path/Frameworks @loader_path/Frameworks";
				PRODUCT_NAME = "$(TARGET_NAME)";
				TEST_HOST = "$(BUILT_PRODUCTS_DIR)/ExampleInfiniteScrollView.app/ExampleInfiniteScrollView";
			};
			name = Debug;
		};
		FDEB8C9F1B70E8FA0011E5C9 /* Release */ = {
			isa = XCBuildConfiguration;
			buildSettings = {
				BUNDLE_LOADER = "$(TEST_HOST)";
				FRAMEWORK_SEARCH_PATHS = (
					"$(SDKROOT)/Developer/Library/Frameworks",
					"$(inherited)",
				);
				INFOPLIST_FILE = ExampleInfiniteScrollViewTests/Info.plist;
				LD_RUNPATH_SEARCH_PATHS = "$(inherited) @executable_path/Frameworks @loader_path/Frameworks";
				PRODUCT_NAME = "$(TARGET_NAME)";
				TEST_HOST = "$(BUILT_PRODUCTS_DIR)/ExampleInfiniteScrollView.app/ExampleInfiniteScrollView";
			};
			name = Release;
		};
/* End XCBuildConfiguration section */

/* Begin XCConfigurationList section */
		FDEB8C761B70E8FA0011E5C9 /* Build configuration list for PBXProject "ExampleInfiniteScrollView" */ = {
			isa = XCConfigurationList;
			buildConfigurations = (
				FDEB8C981B70E8FA0011E5C9 /* Debug */,
				FDEB8C991B70E8FA0011E5C9 /* Release */,
			);
			defaultConfigurationIsVisible = 0;
			defaultConfigurationName = Release;
		};
		FDEB8C9A1B70E8FA0011E5C9 /* Build configuration list for PBXNativeTarget "ExampleInfiniteScrollView" */ = {
			isa = XCConfigurationList;
			buildConfigurations = (
				FDEB8C9B1B70E8FA0011E5C9 /* Debug */,
				FDEB8C9C1B70E8FA0011E5C9 /* Release */,
			);
			defaultConfigurationIsVisible = 0;
			defaultConfigurationName = Release;
		};
		FDEB8C9D1B70E8FA0011E5C9 /* Build configuration list for PBXNativeTarget "ExampleInfiniteScrollViewTests" */ = {
			isa = XCConfigurationList;
			buildConfigurations = (
				FDEB8C9E1B70E8FA0011E5C9 /* Debug */,
				FDEB8C9F1B70E8FA0011E5C9 /* Release */,
			);
			defaultConfigurationIsVisible = 0;
			defaultConfigurationName = Release;
		};
/* End XCConfigurationList section */
	};
	rootObject = FDEB8C731B70E8FA0011E5C9 /* Project object */;
}
